// !$*UTF8*$!
{
	archiveVersion = 1;
	classes = {
	};
	objectVersion = 77;
	objects = {

/* Begin PBXBuildFile section */
		1FAEC1142DC2AE6A00861976 /* FirebaseAuth in Frameworks */ = {isa = PBXBuildFile; productRef = 1FAEC1132DC2AE6A00861976 /* FirebaseAuth */; };
		1FAEC1162DC2AE6A00861976 /* FirebaseCore in Frameworks */ = {isa = PBXBuildFile; productRef = 1FAEC1152DC2AE6A00861976 /* FirebaseCore */; };
		1FAEC1182DC2AE6A00861976 /* FirebaseFirestore in Frameworks */ = {isa = PBXBuildFile; productRef = 1FAEC1172DC2AE6A00861976 /* FirebaseFirestore */; };
		1FAEC11A2DC2AE6A00861976 /* FirebaseMessaging in Frameworks */ = {isa = PBXBuildFile; productRef = 1FAEC1192DC2AE6A00861976 /* FirebaseMessaging */; };
		1FAEC11C2DC2AE6A00861976 /* FirebaseStorage in Frameworks */ = {isa = PBXBuildFile; productRef = 1FAEC11B2DC2AE6A00861976 /* FirebaseStorage */; };
		1FCD4DEF2DC306B700BBFF2F /* FSCalendar in Frameworks */ = {isa = PBXBuildFile; productRef = 1FCD4DEE2DC306B700BBFF2F /* FSCalendar */; };
/* End PBXBuildFile section */

/* Begin PBXContainerItemProxy section */
		1FAEC0F42DC2AC6200861976 /* PBXContainerItemProxy */ = {
			isa = PBXContainerItemProxy;
			containerPortal = 1FAEC0DE2DC2AC6000861976 /* Project object */;
			proxyType = 1;
			remoteGlobalIDString = 1FAEC0E52DC2AC6000861976;
			remoteInfo = FiTTTTv1;
		};
		1FAEC0FE2DC2AC6200861976 /* PBXContainerItemProxy */ = {
			isa = PBXContainerItemProxy;
			containerPortal = 1FAEC0DE2DC2AC6000861976 /* Project object */;
			proxyType = 1;
			remoteGlobalIDString = 1FAEC0E52DC2AC6000861976;
			remoteInfo = FiTTTTv1;
		};
/* End PBXContainerItemProxy section */

/* Begin PBXFileReference section */
		1FAEC0E62DC2AC6000861976 /* FiTTTTv1.app */ = {isa = PBXFileReference; explicitFileType = wrapper.application; includeInIndex = 0; path = FiTTTTv1.app; sourceTree = BUILT_PRODUCTS_DIR; };
		1FAEC0F32DC2AC6200861976 /* FiTTTTv1Tests.xctest */ = {isa = PBXFileReference; explicitFileType = wrapper.cfbundle; includeInIndex = 0; path = FiTTTTv1Tests.xctest; sourceTree = BUILT_PRODUCTS_DIR; };
		1FAEC0FD2DC2AC6200861976 /* FiTTTTv1UITests.xctest */ = {isa = PBXFileReference; explicitFileType = wrapper.cfbundle; includeInIndex = 0; path = FiTTTTv1UITests.xctest; sourceTree = BUILT_PRODUCTS_DIR; };
/* End PBXFileReference section */

/* Begin PBXFileSystemSynchronizedRootGroup section */
		1FAEC0E82DC2AC6000861976 /* FiTTTTv1 */ = {
			isa = PBXFileSystemSynchronizedRootGroup;
			path = FiTTTTv1;
			sourceTree = "<group>";
		};
		1FAEC0F62DC2AC6200861976 /* FiTTTTv1Tests */ = {
			isa = PBXFileSystemSynchronizedRootGroup;
			path = FiTTTTv1Tests;
			sourceTree = "<group>";
		};
		1FAEC1002DC2AC6200861976 /* FiTTTTv1UITests */ = {
			isa = PBXFileSystemSynchronizedRootGroup;
			path = FiTTTTv1UITests;
			sourceTree = "<group>";
		};
/* End PBXFileSystemSynchronizedRootGroup section */

/* Begin PBXFrameworksBuildPhase section */
		1FAEC0E32DC2AC6000861976 /* Frameworks */ = {
			isa = PBXFrameworksBuildPhase;
			buildActionMask = 2147483647;
			files = (
				1FAEC11A2DC2AE6A00861976 /* FirebaseMessaging in Frameworks */,
				1FCD4DEF2DC306B700BBFF2F /* FSCalendar in Frameworks */,
				1FAEC1162DC2AE6A00861976 /* FirebaseCore in Frameworks */,
				1FAEC1142DC2AE6A00861976 /* FirebaseAuth in Frameworks */,
				1FAEC11C2DC2AE6A00861976 /* FirebaseStorage in Frameworks */,
				1FAEC1182DC2AE6A00861976 /* FirebaseFirestore in Frameworks */,
			);
			runOnlyForDeploymentPostprocessing = 0;
		};
		1FAEC0F02DC2AC6200861976 /* Frameworks */ = {
			isa = PBXFrameworksBuildPhase;
			buildActionMask = 2147483647;
			files = (
			);
			runOnlyForDeploymentPostprocessing = 0;
		};
		1FAEC0FA2DC2AC6200861976 /* Frameworks */ = {
			isa = PBXFrameworksBuildPhase;
			buildActionMask = 2147483647;
			files = (
			);
			runOnlyForDeploymentPostprocessing = 0;
		};
/* End PBXFrameworksBuildPhase section */

/* Begin PBXGroup section */
		1FAEC0DD2DC2AC6000861976 = {
			isa = PBXGroup;
			children = (
				1FAEC0E82DC2AC6000861976 /* FiTTTTv1 */,
				1FAEC0F62DC2AC6200861976 /* FiTTTTv1Tests */,
				1FAEC1002DC2AC6200861976 /* FiTTTTv1UITests */,
				1FAEC0E72DC2AC6000861976 /* Products */,
			);
			sourceTree = "<group>";
		};
		1FAEC0E72DC2AC6000861976 /* Products */ = {
			isa = PBXGroup;
			children = (
				1FAEC0E62DC2AC6000861976 /* FiTTTTv1.app */,
				1FAEC0F32DC2AC6200861976 /* FiTTTTv1Tests.xctest */,
				1FAEC0FD2DC2AC6200861976 /* FiTTTTv1UITests.xctest */,
			);
			name = Products;
			sourceTree = "<group>";
		};
/* End PBXGroup section */

/* Begin PBXNativeTarget section */
		1FAEC0E52DC2AC6000861976 /* FiTTTTv1 */ = {
			isa = PBXNativeTarget;
			buildConfigurationList = 1FAEC1072DC2AC6200861976 /* Build configuration list for PBXNativeTarget "FiTTTTv1" */;
			buildPhases = (
				1FAEC0E22DC2AC6000861976 /* Sources */,
				1FAEC0E32DC2AC6000861976 /* Frameworks */,
				1FAEC0E42DC2AC6000861976 /* Resources */,
			);
			buildRules = (
			);
			dependencies = (
			);
			fileSystemSynchronizedGroups = (
				1FAEC0E82DC2AC6000861976 /* FiTTTTv1 */,
			);
			name = FiTTTTv1;
			packageProductDependencies = (
				1FAEC1132DC2AE6A00861976 /* FirebaseAuth */,
				1FAEC1152DC2AE6A00861976 /* FirebaseCore */,
				1FAEC1172DC2AE6A00861976 /* FirebaseFirestore */,
				1FAEC1192DC2AE6A00861976 /* FirebaseMessaging */,
				1FAEC11B2DC2AE6A00861976 /* FirebaseStorage */,
				1FCD4DEE2DC306B700BBFF2F /* FSCalendar */,
			);
			productName = FiTTTTv1;
			productReference = 1FAEC0E62DC2AC6000861976 /* FiTTTTv1.app */;
			productType = "com.apple.product-type.application";
		};
		1FAEC0F22DC2AC6200861976 /* FiTTTTv1Tests */ = {
			isa = PBXNativeTarget;
			buildConfigurationList = 1FAEC10A2DC2AC6200861976 /* Build configuration list for PBXNativeTarget "FiTTTTv1Tests" */;
			buildPhases = (
				1FAEC0EF2DC2AC6200861976 /* Sources */,
				1FAEC0F02DC2AC6200861976 /* Frameworks */,
				1FAEC0F12DC2AC6200861976 /* Resources */,
			);
			buildRules = (
			);
			dependencies = (
				1FAEC0F52DC2AC6200861976 /* PBXTargetDependency */,
			);
			fileSystemSynchronizedGroups = (
				1FAEC0F62DC2AC6200861976 /* FiTTTTv1Tests */,
			);
			name = FiTTTTv1Tests;
			packageProductDependencies = (
			);
			productName = FiTTTTv1Tests;
			productReference = 1FAEC0F32DC2AC6200861976 /* FiTTTTv1Tests.xctest */;
			productType = "com.apple.product-type.bundle.unit-test";
		};
		1FAEC0FC2DC2AC6200861976 /* FiTTTTv1UITests */ = {
			isa = PBXNativeTarget;
			buildConfigurationList = 1FAEC10D2DC2AC6200861976 /* Build configuration list for PBXNativeTarget "FiTTTTv1UITests" */;
			buildPhases = (
				1FAEC0F92DC2AC6200861976 /* Sources */,
				1FAEC0FA2DC2AC6200861976 /* Frameworks */,
				1FAEC0FB2DC2AC6200861976 /* Resources */,
			);
			buildRules = (
			);
			dependencies = (
				1FAEC0FF2DC2AC6200861976 /* PBXTargetDependency */,
			);
			fileSystemSynchronizedGroups = (
				1FAEC1002DC2AC6200861976 /* FiTTTTv1UITests */,
			);
			name = FiTTTTv1UITests;
			packageProductDependencies = (
			);
			productName = FiTTTTv1UITests;
			productReference = 1FAEC0FD2DC2AC6200861976 /* FiTTTTv1UITests.xctest */;
			productType = "com.apple.product-type.bundle.ui-testing";
		};
/* End PBXNativeTarget section */

/* Begin PBXProject section */
		1FAEC0DE2DC2AC6000861976 /* Project object */ = {
			isa = PBXProject;
			attributes = {
				BuildIndependentTargetsInParallel = 1;
				LastSwiftUpdateCheck = 1630;
				LastUpgradeCheck = 1630;
				TargetAttributes = {
					1FAEC0E52DC2AC6000861976 = {
						CreatedOnToolsVersion = 16.3;
					};
					1FAEC0F22DC2AC6200861976 = {
						CreatedOnToolsVersion = 16.3;
						TestTargetID = 1FAEC0E52DC2AC6000861976;
					};
					1FAEC0FC2DC2AC6200861976 = {
						CreatedOnToolsVersion = 16.3;
						TestTargetID = 1FAEC0E52DC2AC6000861976;
					};
				};
			};
			buildConfigurationList = 1FAEC0E12DC2AC6000861976 /* Build configuration list for PBXProject "FiTTTTv1" */;
			developmentRegion = en;
			hasScannedForEncodings = 0;
			knownRegions = (
				en,
				Base,
			);
			mainGroup = 1FAEC0DD2DC2AC6000861976;
			minimizedProjectReferenceProxies = 1;
			packageReferences = (
				1FAEC1122DC2AE6A00861976 /* XCRemoteSwiftPackageReference "firebase-ios-sdk" */,
				1FCD4DED2DC306B700BBFF2F /* XCRemoteSwiftPackageReference "FSCalendar" */,
			);
			preferredProjectObjectVersion = 77;
			productRefGroup = 1FAEC0E72DC2AC6000861976 /* Products */;
			projectDirPath = "";
			projectRoot = "";
			targets = (
				1FAEC0E52DC2AC6000861976 /* FiTTTTv1 */,
				1FAEC0F22DC2AC6200861976 /* FiTTTTv1Tests */,
				1FAEC0FC2DC2AC6200861976 /* FiTTTTv1UITests */,
			);
		};
/* End PBXProject section */

/* Begin PBXResourcesBuildPhase section */
		1FAEC0E42DC2AC6000861976 /* Resources */ = {
			isa = PBXResourcesBuildPhase;
			buildActionMask = 2147483647;
			files = (
			);
			runOnlyForDeploymentPostprocessing = 0;
		};
		1FAEC0F12DC2AC6200861976 /* Resources */ = {
			isa = PBXResourcesBuildPhase;
			buildActionMask = 2147483647;
			files = (
			);
			runOnlyForDeploymentPostprocessing = 0;
		};
		1FAEC0FB2DC2AC6200861976 /* Resources */ = {
			isa = PBXResourcesBuildPhase;
			buildActionMask = 2147483647;
			files = (
			);
			runOnlyForDeploymentPostprocessing = 0;
		};
/* End PBXResourcesBuildPhase section */

/* Begin PBXSourcesBuildPhase section */
		1FAEC0E22DC2AC6000861976 /* Sources */ = {
			isa = PBXSourcesBuildPhase;
			buildActionMask = 2147483647;
			files = (
			);
			runOnlyForDeploymentPostprocessing = 0;
		};
		1FAEC0EF2DC2AC6200861976 /* Sources */ = {
			isa = PBXSourcesBuildPhase;
			buildActionMask = 2147483647;
			files = (
			);
			runOnlyForDeploymentPostprocessing = 0;
		};
		1FAEC0F92DC2AC6200861976 /* Sources */ = {
			isa = PBXSourcesBuildPhase;
			buildActionMask = 2147483647;
			files = (
			);
			runOnlyForDeploymentPostprocessing = 0;
		};
/* End PBXSourcesBuildPhase section */

/* Begin PBXTargetDependency section */
		1FAEC0F52DC2AC6200861976 /* PBXTargetDependency */ = {
			isa = PBXTargetDependency;
			target = 1FAEC0E52DC2AC6000861976 /* FiTTTTv1 */;
			targetProxy = 1FAEC0F42DC2AC6200861976 /* PBXContainerItemProxy */;
		};
		1FAEC0FF2DC2AC6200861976 /* PBXTargetDependency */ = {
			isa = PBXTargetDependency;
			target = 1FAEC0E52DC2AC6000861976 /* FiTTTTv1 */;
			targetProxy = 1FAEC0FE2DC2AC6200861976 /* PBXContainerItemProxy */;
		};
/* End PBXTargetDependency section */

/* Begin XCBuildConfiguration section */
		1FAEC1052DC2AC6200861976 /* Debug */ = {
			isa = XCBuildConfiguration;
			buildSettings = {
				ALWAYS_SEARCH_USER_PATHS = NO;
				ASSETCATALOG_COMPILER_GENERATE_SWIFT_ASSET_SYMBOL_EXTENSIONS = YES;
				CLANG_ANALYZER_NONNULL = YES;
				CLANG_ANALYZER_NUMBER_OBJECT_CONVERSION = YES_AGGRESSIVE;
				CLANG_CXX_LANGUAGE_STANDARD = "gnu++20";
				CLANG_ENABLE_MODULES = YES;
				CLANG_ENABLE_OBJC_ARC = YES;
				CLANG_ENABLE_OBJC_WEAK = YES;
				CLANG_WARN_BLOCK_CAPTURE_AUTORELEASING = YES;
				CLANG_WARN_BOOL_CONVERSION = YES;
				CLANG_WARN_COMMA = YES;
				CLANG_WARN_CONSTANT_CONVERSION = YES;
				CLANG_WARN_DEPRECATED_OBJC_IMPLEMENTATIONS = YES;
				CLANG_WARN_DIRECT_OBJC_ISA_USAGE = YES_ERROR;
				CLANG_WARN_DOCUMENTATION_COMMENTS = YES;
				CLANG_WARN_EMPTY_BODY = YES;
				CLANG_WARN_ENUM_CONVERSION = YES;
				CLANG_WARN_INFINITE_RECURSION = YES;
				CLANG_WARN_INT_CONVERSION = YES;
				CLANG_WARN_NON_LITERAL_NULL_CONVERSION = YES;
				CLANG_WARN_OBJC_IMPLICIT_RETAIN_SELF = YES;
				CLANG_WARN_OBJC_LITERAL_CONVERSION = YES;
				CLANG_WARN_OBJC_ROOT_CLASS = YES_ERROR;
				CLANG_WARN_QUOTED_INCLUDE_IN_FRAMEWORK_HEADER = YES;
				CLANG_WARN_RANGE_LOOP_ANALYSIS = YES;
				CLANG_WARN_STRICT_PROTOTYPES = YES;
				CLANG_WARN_SUSPICIOUS_MOVE = YES;
				CLANG_WARN_UNGUARDED_AVAILABILITY = YES_AGGRESSIVE;
				CLANG_WARN_UNREACHABLE_CODE = YES;
				CLANG_WARN__DUPLICATE_METHOD_MATCH = YES;
				COPY_PHASE_STRIP = NO;
				DEBUG_INFORMATION_FORMAT = dwarf;
				ENABLE_STRICT_OBJC_MSGSEND = YES;
				ENABLE_TESTABILITY = YES;
				ENABLE_USER_SCRIPT_SANDBOXING = YES;
				GCC_C_LANGUAGE_STANDARD = gnu17;
				GCC_DYNAMIC_NO_PIC = NO;
				GCC_NO_COMMON_BLOCKS = YES;
				GCC_OPTIMIZATION_LEVEL = 0;
				GCC_PREPROCESSOR_DEFINITIONS = (
					"DEBUG=1",
					"$(inherited)",
				);
				GCC_WARN_64_TO_32_BIT_CONVERSION = YES;
				GCC_WARN_ABOUT_RETURN_TYPE = YES_ERROR;
				GCC_WARN_UNDECLARED_SELECTOR = YES;
				GCC_WARN_UNINITIALIZED_AUTOS = YES_AGGRESSIVE;
				GCC_WARN_UNUSED_FUNCTION = YES;
				GCC_WARN_UNUSED_VARIABLE = YES;
				IPHONEOS_DEPLOYMENT_TARGET = 18.4;
				LOCALIZATION_PREFERS_STRING_CATALOGS = YES;
				MTL_ENABLE_DEBUG_INFO = INCLUDE_SOURCE;
				MTL_FAST_MATH = YES;
				ONLY_ACTIVE_ARCH = YES;
				SDKROOT = iphoneos;
				SWIFT_ACTIVE_COMPILATION_CONDITIONS = "DEBUG $(inherited)";
				SWIFT_OPTIMIZATION_LEVEL = "-Onone";
			};
			name = Debug;
		};
		1FAEC1062DC2AC6200861976 /* Release */ = {
			isa = XCBuildConfiguration;
			buildSettings = {
				ALWAYS_SEARCH_USER_PATHS = NO;
				ASSETCATALOG_COMPILER_GENERATE_SWIFT_ASSET_SYMBOL_EXTENSIONS = YES;
				CLANG_ANALYZER_NONNULL = YES;
				CLANG_ANALYZER_NUMBER_OBJECT_CONVERSION = YES_AGGRESSIVE;
				CLANG_CXX_LANGUAGE_STANDARD = "gnu++20";
				CLANG_ENABLE_MODULES = YES;
				CLANG_ENABLE_OBJC_ARC = YES;
				CLANG_ENABLE_OBJC_WEAK = YES;
				CLANG_WARN_BLOCK_CAPTURE_AUTORELEASING = YES;
				CLANG_WARN_BOOL_CONVERSION = YES;
				CLANG_WARN_COMMA = YES;
				CLANG_WARN_CONSTANT_CONVERSION = YES;
				CLANG_WARN_DEPRECATED_OBJC_IMPLEMENTATIONS = YES;
				CLANG_WARN_DIRECT_OBJC_ISA_USAGE = YES_ERROR;
				CLANG_WARN_DOCUMENTATION_COMMENTS = YES;
				CLANG_WARN_EMPTY_BODY = YES;
				CLANG_WARN_ENUM_CONVERSION = YES;
				CLANG_WARN_INFINITE_RECURSION = YES;
				CLANG_WARN_INT_CONVERSION = YES;
				CLANG_WARN_NON_LITERAL_NULL_CONVERSION = YES;
				CLANG_WARN_OBJC_IMPLICIT_RETAIN_SELF = YES;
				CLANG_WARN_OBJC_LITERAL_CONVERSION = YES;
				CLANG_WARN_OBJC_ROOT_CLASS = YES_ERROR;
				CLANG_WARN_QUOTED_INCLUDE_IN_FRAMEWORK_HEADER = YES;
				CLANG_WARN_RANGE_LOOP_ANALYSIS = YES;
				CLANG_WARN_STRICT_PROTOTYPES = YES;
				CLANG_WARN_SUSPICIOUS_MOVE = YES;
				CLANG_WARN_UNGUARDED_AVAILABILITY = YES_AGGRESSIVE;
				CLANG_WARN_UNREACHABLE_CODE = YES;
				CLANG_WARN__DUPLICATE_METHOD_MATCH = YES;
				COPY_PHASE_STRIP = NO;
				DEBUG_INFORMATION_FORMAT = "dwarf-with-dsym";
				ENABLE_NS_ASSERTIONS = NO;
				ENABLE_STRICT_OBJC_MSGSEND = YES;
				ENABLE_USER_SCRIPT_SANDBOXING = YES;
				GCC_C_LANGUAGE_STANDARD = gnu17;
				GCC_NO_COMMON_BLOCKS = YES;
				GCC_WARN_64_TO_32_BIT_CONVERSION = YES;
				GCC_WARN_ABOUT_RETURN_TYPE = YES_ERROR;
				GCC_WARN_UNDECLARED_SELECTOR = YES;
				GCC_WARN_UNINITIALIZED_AUTOS = YES_AGGRESSIVE;
				GCC_WARN_UNUSED_FUNCTION = YES;
				GCC_WARN_UNUSED_VARIABLE = YES;
				IPHONEOS_DEPLOYMENT_TARGET = 18.4;
				LOCALIZATION_PREFERS_STRING_CATALOGS = YES;
				MTL_ENABLE_DEBUG_INFO = NO;
				MTL_FAST_MATH = YES;
				SDKROOT = iphoneos;
				SWIFT_COMPILATION_MODE = wholemodule;
				VALIDATE_PRODUCT = YES;
			};
			name = Release;
		};
		1FAEC1082DC2AC6200861976 /* Debug */ = {
			isa = XCBuildConfiguration;
			buildSettings = {
				ASSETCATALOG_COMPILER_APPICON_NAME = AppIcon;
				ASSETCATALOG_COMPILER_GLOBAL_ACCENT_COLOR_NAME = AccentColor;
				CODE_SIGN_STYLE = Automatic;
				CURRENT_PROJECT_VERSION = 1;
				DEVELOPMENT_TEAM = 3Q5HTLS64G;
				ENABLE_PREVIEWS = YES;
				GENERATE_INFOPLIST_FILE = YES;
				INFOPLIST_KEY_UIApplicationSceneManifest_Generation = YES;
				INFOPLIST_KEY_UIApplicationSupportsIndirectInputEvents = YES;
				INFOPLIST_KEY_UILaunchScreen_Generation = YES;
				INFOPLIST_KEY_UISupportedInterfaceOrientations_iPad = "UIInterfaceOrientationPortrait UIInterfaceOrientationPortraitUpsideDown UIInterfaceOrientationLandscapeLeft UIInterfaceOrientationLandscapeRight";
				INFOPLIST_KEY_UISupportedInterfaceOrientations_iPhone = "UIInterfaceOrientationPortrait UIInterfaceOrientationLandscapeLeft UIInterfaceOrientationLandscapeRight";
				IPHONEOS_DEPLOYMENT_TARGET = 17.6;
				LD_RUNPATH_SEARCH_PATHS = (
					"$(inherited)",
					"@executable_path/Frameworks",
				);
				MARKETING_VERSION = 1.0;
				PRODUCT_BUNDLE_IDENTIFIER = FITTT.FiTTTTv1;
				PRODUCT_NAME = "$(TARGET_NAME)";
				SWIFT_EMIT_LOC_STRINGS = YES;
				SWIFT_VERSION = 5.0;
				TARGETED_DEVICE_FAMILY = "1,2";
			};
			name = Debug;
		};
		1FAEC1092DC2AC6200861976 /* Release */ = {
			isa = XCBuildConfiguration;
			buildSettings = {
				ASSETCATALOG_COMPILER_APPICON_NAME = AppIcon;
				ASSETCATALOG_COMPILER_GLOBAL_ACCENT_COLOR_NAME = AccentColor;
				CODE_SIGN_STYLE = Automatic;
				CURRENT_PROJECT_VERSION = 1;
				DEVELOPMENT_TEAM = 3Q5HTLS64G;
				ENABLE_PREVIEWS = YES;
				GENERATE_INFOPLIST_FILE = YES;
				INFOPLIST_KEY_UIApplicationSceneManifest_Generation = YES;
				INFOPLIST_KEY_UIApplicationSupportsIndirectInputEvents = YES;
				INFOPLIST_KEY_UILaunchScreen_Generation = YES;
				INFOPLIST_KEY_UISupportedInterfaceOrientations_iPad = "UIInterfaceOrientationPortrait UIInterfaceOrientationPortraitUpsideDown UIInterfaceOrientationLandscapeLeft UIInterfaceOrientationLandscapeRight";
				INFOPLIST_KEY_UISupportedInterfaceOrientations_iPhone = "UIInterfaceOrientationPortrait UIInterfaceOrientationLandscapeLeft UIInterfaceOrientationLandscapeRight";
				IPHONEOS_DEPLOYMENT_TARGET = 17.6;
				LD_RUNPATH_SEARCH_PATHS = (
					"$(inherited)",
					"@executable_path/Frameworks",
				);
				MARKETING_VERSION = 1.0;
				PRODUCT_BUNDLE_IDENTIFIER = FITTT.FiTTTTv1;
				PRODUCT_NAME = "$(TARGET_NAME)";
				SWIFT_EMIT_LOC_STRINGS = YES;
				SWIFT_VERSION = 5.0;
				TARGETED_DEVICE_FAMILY = "1,2";
			};
			name = Release;
		};
		1FAEC10B2DC2AC6200861976 /* Debug */ = {
			isa = XCBuildConfiguration;
			buildSettings = {
				BUNDLE_LOADER = "$(TEST_HOST)";
				CODE_SIGN_STYLE = Automatic;
				CURRENT_PROJECT_VERSION = 1;
				DEVELOPMENT_TEAM = 3Q5HTLS64G;
				GENERATE_INFOPLIST_FILE = YES;
				IPHONEOS_DEPLOYMENT_TARGET = 17.6;
				MARKETING_VERSION = 1.0;
				PRODUCT_BUNDLE_IDENTIFIER = FITTT.FiTTTTv1Tests;
				PRODUCT_NAME = "$(TARGET_NAME)";
				SWIFT_EMIT_LOC_STRINGS = NO;
				SWIFT_VERSION = 5.0;
				TARGETED_DEVICE_FAMILY = "1,2";
				TEST_HOST = "$(BUILT_PRODUCTS_DIR)/FiTTTTv1.app/$(BUNDLE_EXECUTABLE_FOLDER_PATH)/FiTTTTv1";
			};
			name = Debug;
		};
		1FAEC10C2DC2AC6200861976 /* Release */ = {
			isa = XCBuildConfiguration;
			buildSettings = {
				BUNDLE_LOADER = "$(TEST_HOST)";
				CODE_SIGN_STYLE = Automatic;
				CURRENT_PROJECT_VERSION = 1;
				DEVELOPMENT_TEAM = 3Q5HTLS64G;
				GENERATE_INFOPLIST_FILE = YES;
				IPHONEOS_DEPLOYMENT_TARGET = 17.6;
				MARKETING_VERSION = 1.0;
				PRODUCT_BUNDLE_IDENTIFIER = FITTT.FiTTTTv1Tests;
				PRODUCT_NAME = "$(TARGET_NAME)";
				SWIFT_EMIT_LOC_STRINGS = NO;
				SWIFT_VERSION = 5.0;
				TARGETED_DEVICE_FAMILY = "1,2";
				TEST_HOST = "$(BUILT_PRODUCTS_DIR)/FiTTTTv1.app/$(BUNDLE_EXECUTABLE_FOLDER_PATH)/FiTTTTv1";
			};
			name = Release;
		};
		1FAEC10E2DC2AC6200861976 /* Debug */ = {
			isa = XCBuildConfiguration;
			buildSettings = {
				CODE_SIGN_STYLE = Automatic;
				CURRENT_PROJECT_VERSION = 1;
				DEVELOPMENT_TEAM = 3Q5HTLS64G;
				GENERATE_INFOPLIST_FILE = YES;
				IPHONEOS_DEPLOYMENT_TARGET = 17.6;
				MARKETING_VERSION = 1.0;
				PRODUCT_BUNDLE_IDENTIFIER = FITTT.FiTTTTv1UITests;
				PRODUCT_NAME = "$(TARGET_NAME)";
				SWIFT_EMIT_LOC_STRINGS = NO;
				SWIFT_VERSION = 5.0;
				TARGETED_DEVICE_FAMILY = "1,2";
				TEST_TARGET_NAME = FiTTTTv1;
			};
			name = Debug;
		};
		1FAEC10F2DC2AC6200861976 /* Release */ = {
			isa = XCBuildConfiguration;
			buildSettings = {
				CODE_SIGN_STYLE = Automatic;
				CURRENT_PROJECT_VERSION = 1;
				DEVELOPMENT_TEAM = 3Q5HTLS64G;
				GENERATE_INFOPLIST_FILE = YES;
				IPHONEOS_DEPLOYMENT_TARGET = 17.6;
				MARKETING_VERSION = 1.0;
				PRODUCT_BUNDLE_IDENTIFIER = FITTT.FiTTTTv1UITests;
				PRODUCT_NAME = "$(TARGET_NAME)";
				SWIFT_EMIT_LOC_STRINGS = NO;
				SWIFT_VERSION = 5.0;
				TARGETED_DEVICE_FAMILY = "1,2";
				TEST_TARGET_NAME = FiTTTTv1;
			};
			name = Release;
		};
/* End XCBuildConfiguration section */

/* Begin XCConfigurationList section */
		1FAEC0E12DC2AC6000861976 /* Build configuration list for PBXProject "FiTTTTv1" */ = {
			isa = XCConfigurationList;
			buildConfigurations = (
				1FAEC1052DC2AC6200861976 /* Debug */,
				1FAEC1062DC2AC6200861976 /* Release */,
			);
			defaultConfigurationIsVisible = 0;
			defaultConfigurationName = Release;
		};
		1FAEC1072DC2AC6200861976 /* Build configuration list for PBXNativeTarget "FiTTTTv1" */ = {
			isa = XCConfigurationList;
			buildConfigurations = (
				1FAEC1082DC2AC6200861976 /* Debug */,
				1FAEC1092DC2AC6200861976 /* Release */,
			);
			defaultConfigurationIsVisible = 0;
			defaultConfigurationName = Release;
		};
		1FAEC10A2DC2AC6200861976 /* Build configuration list for PBXNativeTarget "FiTTTTv1Tests" */ = {
			isa = XCConfigurationList;
			buildConfigurations = (
				1FAEC10B2DC2AC6200861976 /* Debug */,
				1FAEC10C2DC2AC6200861976 /* Release */,
			);
			defaultConfigurationIsVisible = 0;
			defaultConfigurationName = Release;
		};
		1FAEC10D2DC2AC6200861976 /* Build configuration list for PBXNativeTarget "FiTTTTv1UITests" */ = {
			isa = XCConfigurationList;
			buildConfigurations = (
				1FAEC10E2DC2AC6200861976 /* Debug */,
				1FAEC10F2DC2AC6200861976 /* Release */,
			);
			defaultConfigurationIsVisible = 0;
			defaultConfigurationName = Release;
		};
/* End XCConfigurationList section */

/* Begin XCRemoteSwiftPackageReference section */
		1FAEC1122DC2AE6A00861976 /* XCRemoteSwiftPackageReference "firebase-ios-sdk" */ = {
			isa = XCRemoteSwiftPackageReference;
			repositoryURL = "https://github.com/firebase/firebase-ios-sdk";
			requirement = {
				kind = upToNextMajorVersion;
				minimumVersion = 11.12.0;
			};
		};
		1FCD4DED2DC306B700BBFF2F /* XCRemoteSwiftPackageReference "FSCalendar" */ = {
			isa = XCRemoteSwiftPackageReference;
			repositoryURL = "https://github.com/WenchaoD/FSCalendar.git";
			requirement = {
				kind = upToNextMajorVersion;
				minimumVersion = 2.8.4;
			};
		};
/* End XCRemoteSwiftPackageReference section */

/* Begin XCSwiftPackageProductDependency section */
		1FAEC1132DC2AE6A00861976 /* FirebaseAuth */ = {
			isa = XCSwiftPackageProductDependency;
			package = 1FAEC1122DC2AE6A00861976 /* XCRemoteSwiftPackageReference "firebase-ios-sdk" */;
			productName = FirebaseAuth;
		};
		1FAEC1152DC2AE6A00861976 /* FirebaseCore */ = {
			isa = XCSwiftPackageProductDependency;
			package = 1FAEC1122DC2AE6A00861976 /* XCRemoteSwiftPackageReference "firebase-ios-sdk" */;
			productName = FirebaseCore;
		};
		1FAEC1172DC2AE6A00861976 /* FirebaseFirestore */ = {
			isa = XCSwiftPackageProductDependency;
			package = 1FAEC1122DC2AE6A00861976 /* XCRemoteSwiftPackageReference "firebase-ios-sdk" */;
			productName = FirebaseFirestore;
		};
		1FAEC1192DC2AE6A00861976 /* FirebaseMessaging */ = {
			isa = XCSwiftPackageProductDependency;
			package = 1FAEC1122DC2AE6A00861976 /* XCRemoteSwiftPackageReference "firebase-ios-sdk" */;
			productName = FirebaseMessaging;
		};
		1FAEC11B2DC2AE6A00861976 /* FirebaseStorage */ = {
			isa = XCSwiftPackageProductDependency;
			package = 1FAEC1122DC2AE6A00861976 /* XCRemoteSwiftPackageReference "firebase-ios-sdk" */;
			productName = FirebaseStorage;
		};
		1FCD4DEE2DC306B700BBFF2F /* FSCalendar */ = {
			isa = XCSwiftPackageProductDependency;
			package = 1FCD4DED2DC306B700BBFF2F /* XCRemoteSwiftPackageReference "FSCalendar" */;
			productName = FSCalendar;
		};
/* End XCSwiftPackageProductDependency section */
	};
	rootObject = 1FAEC0DE2DC2AC6000861976 /* Project object */;
}
